
Microsoft Visual Studio Solution File, Format Version 12.00
# Visual Studio 15
VisualStudioVersion = 15.0.28010.2050
MinimumVisualStudioVersion = 10.0.40219.1
Project("{9A19103F-16F7-4668-BE54-9A1E7A4F7556}") = "FreddyBaseApi", "FreddyBaseApi\FreddyBaseApi.csproj", "{D7D8677D-F4B9-4E37-95A3-1962910883F2}"
EndProject
Project("{9A19103F-16F7-4668-BE54-9A1E7A4F7556}") = "FreddyBaseApi.Core.Model", "FreddyBaseApi.Core.Model\FreddyBaseApi.Core.Model.csproj", "{2188DF09-ABBF-4B8C-8E8F-AF9C3C4F30EB}"
EndProject
Project("{9A19103F-16F7-4668-BE54-9A1E7A4F7556}") = "FreddyBaseApi.Core.Repositories", "FreddyBaseApi.Core.Repositories\FreddyBaseApi.Core.Repositories.csproj", "{D3D40512-1C97-40FE-87D6-9F0C938E5763}"
EndProject
Project("{FAE04EC0-301F-11D3-BF4B-00C04F79EFBC}") = "FreddyBaseApi.Core.Service", "FreddyBaseApi.Core.Service\FreddyBaseApi.Core.Service.csproj", "{04BC5C18-1E69-4B65-B7E1-C757D3090FA2}"
EndProject
Global
	GlobalSection(SolutionConfigurationPlatforms) = preSolution
		Debug|Any CPU = Debug|Any CPU
		Release|Any CPU = Release|Any CPU
	EndGlobalSection
	GlobalSection(ProjectConfigurationPlatforms) = postSolution
		{D7D8677D-F4B9-4E37-95A3-1962910883F2}.Debug|Any CPU.ActiveCfg = Debug|Any CPU
		{D7D8677D-F4B9-4E37-95A3-1962910883F2}.Debug|Any CPU.Build.0 = Debug|Any CPU
		{D7D8677D-F4B9-4E37-95A3-1962910883F2}.Release|Any CPU.ActiveCfg = Release|Any CPU
		{D7D8677D-F4B9-4E37-95A3-1962910883F2}.Release|Any CPU.Build.0 = Release|Any CPU
		{2188DF09-ABBF-4B8C-8E8F-AF9C3C4F30EB}.Debug|Any CPU.ActiveCfg = Debug|Any CPU
		{2188DF09-ABBF-4B8C-8E8F-AF9C3C4F30EB}.Debug|Any CPU.Build.0 = Debug|Any CPU
		{2188DF09-ABBF-4B8C-8E8F-AF9C3C4F30EB}.Release|Any CPU.ActiveCfg = Release|Any CPU
		{2188DF09-ABBF-4B8C-8E8F-AF9C3C4F30EB}.Release|Any CPU.Build.0 = Release|Any CPU
		{D3D40512-1C97-40FE-87D6-9F0C938E5763}.Debug|Any CPU.ActiveCfg = Debug|Any CPU
		{D3D40512-1C97-40FE-87D6-9F0C938E5763}.Debug|Any CPU.Build.0 = Debug|Any CPU
		{D3D40512-1C97-40FE-87D6-9F0C938E5763}.Release|Any CPU.ActiveCfg = Release|Any CPU
		{D3D40512-1C97-40FE-87D6-9F0C938E5763}.Release|Any CPU.Build.0 = Release|Any CPU
		{04BC5C18-1E69-4B65-B7E1-C757D3090FA2}.Debug|Any CPU.ActiveCfg = Debug|Any CPU
		{04BC5C18-1E69-4B65-B7E1-C757D3090FA2}.Debug|Any CPU.Build.0 = Debug|Any CPU
		{04BC5C18-1E69-4B65-B7E1-C757D3090FA2}.Release|Any CPU.ActiveCfg = Release|Any CPU
		{04BC5C18-1E69-4B65-B7E1-C757D3090FA2}.Release|Any CPU.Build.0 = Release|Any CPU
	EndGlobalSection
	GlobalSection(SolutionProperties) = preSolution
		HideSolutionNode = FALSE
	EndGlobalSection
	GlobalSection(ExtensibilityGlobals) = postSolution
		SolutionGuid = {9CBFF1C2-9F72-4BCF-BA8A-BA93249C92CB}
	EndGlobalSection
EndGlobal
